
Microsoft Visual Studio Solution File, Format Version 12.00
# Visual Studio Version 17
VisualStudioVersion = 17.10.35027.167
MinimumVisualStudioVersion = 10.0.40219.1
Project("{FAE04EC0-301F-11D3-BF4B-00C04F79EFBC}") = "CustomerWebAPI", "WebApplication1\CustomerWebAPI.csproj", "{211FE94B-8AFA-461F-A41D-D0C40B604D23}"
EndProject
Project("{FAE04EC0-301F-11D3-BF4B-00C04F79EFBC}") = "CustomerApplication", "CustomerApplication\CustomerApplication.csproj", "{7C1C505B-961F-4FE9-98C1-5D69FD16AA73}"
EndProject
Global
	GlobalSection(SolutionConfigurationPlatforms) = preSolution
		Debug|Any CPU = Debug|Any CPU
		Release|Any CPU = Release|Any CPU
	EndGlobalSection
	GlobalSection(ProjectConfigurationPlatforms) = postSolution
		{211FE94B-8AFA-461F-A41D-D0C40B604D23}.Debug|Any CPU.ActiveCfg = Debug|Any CPU
		{211FE94B-8AFA-461F-A41D-D0C40B604D23}.Debug|Any CPU.Build.0 = Debug|Any CPU
		{211FE94B-8AFA-461F-A41D-D0C40B604D23}.Release|Any CPU.ActiveCfg = Release|Any CPU
		{211FE94B-8AFA-461F-A41D-D0C40B604D23}.Release|Any CPU.Build.0 = Release|Any CPU
		{7C1C505B-961F-4FE9-98C1-5D69FD16AA73}.Debug|Any CPU.ActiveCfg = Debug|Any CPU
		{7C1C505B-961F-4FE9-98C1-5D69FD16AA73}.Debug|Any CPU.Build.0 = Debug|Any CPU
		{7C1C505B-961F-4FE9-98C1-5D69FD16AA73}.Release|Any CPU.ActiveCfg = Release|Any CPU
		{7C1C505B-961F-4FE9-98C1-5D69FD16AA73}.Release|Any CPU.Build.0 = Release|Any CPU
	EndGlobalSection
	GlobalSection(SolutionProperties) = preSolution
		HideSolutionNode = FALSE
	EndGlobalSection
	GlobalSection(ExtensibilityGlobals) = postSolution
		SolutionGuid = {6B05A2BB-EAC0-4655-8BD0-E316BF1441E5}
	EndGlobalSection
EndGlobal
